// !$*UTF8*$!
{
	archiveVersion = 1;
	classes = {
	};
	objectVersion = 55;
	objects = {

/* Begin PBXBuildFile section */
		BDA6B18E2866389200075464 /* AppDelegate.swift in Sources */ = {isa = PBXBuildFile; fileRef = BDA6B18D2866389200075464 /* AppDelegate.swift */; };
		BDA6B1902866389200075464 /* SceneDelegate.swift in Sources */ = {isa = PBXBuildFile; fileRef = BDA6B18F2866389200075464 /* SceneDelegate.swift */; };
		BDA6B1922866389200075464 /* ViewController.swift in Sources */ = {isa = PBXBuildFile; fileRef = BDA6B1912866389200075464 /* ViewController.swift */; };
		BDA6B1952866389200075464 /* Main.storyboard in Resources */ = {isa = PBXBuildFile; fileRef = BDA6B1932866389200075464 /* Main.storyboard */; };
		BDA6B1982866389200075464 /* coreData.xcdatamodeld in Sources */ = {isa = PBXBuildFile; fileRef = BDA6B1962866389200075464 /* coreData.xcdatamodeld */; };
		BDA6B19A2866389300075464 /* Assets.xcassets in Resources */ = {isa = PBXBuildFile; fileRef = BDA6B1992866389300075464 /* Assets.xcassets */; };
		BDA6B19D2866389300075464 /* LaunchScreen.storyboard in Resources */ = {isa = PBXBuildFile; fileRef = BDA6B19B2866389300075464 /* LaunchScreen.storyboard */; };
		BDA6B1A82866389300075464 /* coreDataTests.swift in Sources */ = {isa = PBXBuildFile; fileRef = BDA6B1A72866389300075464 /* coreDataTests.swift */; };
		BDA6B1B22866389300075464 /* coreDataUITests.swift in Sources */ = {isa = PBXBuildFile; fileRef = BDA6B1B12866389300075464 /* coreDataUITests.swift */; };
		BDA6B1B42866389300075464 /* coreDataUITestsLaunchTests.swift in Sources */ = {isa = PBXBuildFile; fileRef = BDA6B1B32866389300075464 /* coreDataUITestsLaunchTests.swift */; };
/* End PBXBuildFile section */

/* Begin PBXContainerItemProxy section */
		BDA6B1A42866389300075464 /* PBXContainerItemProxy */ = {
			isa = PBXContainerItemProxy;
			containerPortal = BDA6B1822866389100075464 /* Project object */;
			proxyType = 1;
			remoteGlobalIDString = BDA6B1892866389200075464;
			remoteInfo = coreData;
		};
		BDA6B1AE2866389300075464 /* PBXContainerItemProxy */ = {
			isa = PBXContainerItemProxy;
			containerPortal = BDA6B1822866389100075464 /* Project object */;
			proxyType = 1;
			remoteGlobalIDString = BDA6B1892866389200075464;
			remoteInfo = coreData;
		};
/* End PBXContainerItemProxy section */

/* Begin PBXFileReference section */
		BDA6B18A2866389200075464 /* coreData.app */ = {isa = PBXFileReference; explicitFileType = wrapper.application; includeInIndex = 0; path = coreData.app; sourceTree = BUILT_PRODUCTS_DIR; };
		BDA6B18D2866389200075464 /* AppDelegate.swift */ = {isa = PBXFileReference; lastKnownFileType = sourcecode.swift; path = AppDelegate.swift; sourceTree = "<group>"; };
		BDA6B18F2866389200075464 /* SceneDelegate.swift */ = {isa = PBXFileReference; lastKnownFileType = sourcecode.swift; path = SceneDelegate.swift; sourceTree = "<group>"; };
		BDA6B1912866389200075464 /* ViewController.swift */ = {isa = PBXFileReference; lastKnownFileType = sourcecode.swift; path = ViewController.swift; sourceTree = "<group>"; };
		BDA6B1942866389200075464 /* Base */ = {isa = PBXFileReference; lastKnownFileType = file.storyboard; name = Base; path = Base.lproj/Main.storyboard; sourceTree = "<group>"; };
		BDA6B1972866389200075464 /* coreData.xcdatamodel */ = {isa = PBXFileReference; lastKnownFileType = wrapper.xcdatamodel; path = coreData.xcdatamodel; sourceTree = "<group>"; };
		BDA6B1992866389300075464 /* Assets.xcassets */ = {isa = PBXFileReference; lastKnownFileType = folder.assetcatalog; path = Assets.xcassets; sourceTree = "<group>"; };
		BDA6B19C2866389300075464 /* Base */ = {isa = PBXFileReference; lastKnownFileType = file.storyboard; name = Base; path = Base.lproj/LaunchScreen.storyboard; sourceTree = "<group>"; };
		BDA6B19E2866389300075464 /* Info.plist */ = {isa = PBXFileReference; lastKnownFileType = text.plist.xml; path = Info.plist; sourceTree = "<group>"; };
		BDA6B1A32866389300075464 /* coreDataTests.xctest */ = {isa = PBXFileReference; explicitFileType = wrapper.cfbundle; includeInIndex = 0; path = coreDataTests.xctest; sourceTree = BUILT_PRODUCTS_DIR; };
		BDA6B1A72866389300075464 /* coreDataTests.swift */ = {isa = PBXFileReference; lastKnownFileType = sourcecode.swift; path = coreDataTests.swift; sourceTree = "<group>"; };
		BDA6B1AD2866389300075464 /* coreDataUITests.xctest */ = {isa = PBXFileReference; explicitFileType = wrapper.cfbundle; includeInIndex = 0; path = coreDataUITests.xctest; sourceTree = BUILT_PRODUCTS_DIR; };
		BDA6B1B12866389300075464 /* coreDataUITests.swift */ = {isa = PBXFileReference; lastKnownFileType = sourcecode.swift; path = coreDataUITests.swift; sourceTree = "<group>"; };
		BDA6B1B32866389300075464 /* coreDataUITestsLaunchTests.swift */ = {isa = PBXFileReference; lastKnownFileType = sourcecode.swift; path = coreDataUITestsLaunchTests.swift; sourceTree = "<group>"; };
/* End PBXFileReference section */

/* Begin PBXFrameworksBuildPhase section */
		BDA6B1872866389200075464 /* Frameworks */ = {
			isa = PBXFrameworksBuildPhase;
			buildActionMask = 2147483647;
			files = (
			);
			runOnlyForDeploymentPostprocessing = 0;
		};
		BDA6B1A02866389300075464 /* Frameworks */ = {
			isa = PBXFrameworksBuildPhase;
			buildActionMask = 2147483647;
			files = (
			);
			runOnlyForDeploymentPostprocessing = 0;
		};
		BDA6B1AA2866389300075464 /* Frameworks */ = {
			isa = PBXFrameworksBuildPhase;
			buildActionMask = 2147483647;
			files = (
			);
			runOnlyForDeploymentPostprocessing = 0;
		};
/* End PBXFrameworksBuildPhase section */

/* Begin PBXGroup section */
		BDA6B1812866389100075464 = {
			isa = PBXGroup;
			children = (
				BDA6B18C2866389200075464 /* coreData */,
				BDA6B1A62866389300075464 /* coreDataTests */,
				BDA6B1B02866389300075464 /* coreDataUITests */,
				BDA6B18B2866389200075464 /* Products */,
			);
			sourceTree = "<group>";
		};
		BDA6B18B2866389200075464 /* Products */ = {
			isa = PBXGroup;
			children = (
				BDA6B18A2866389200075464 /* coreData.app */,
				BDA6B1A32866389300075464 /* coreDataTests.xctest */,
				BDA6B1AD2866389300075464 /* coreDataUITests.xctest */,
			);
			name = Products;
			sourceTree = "<group>";
		};
		BDA6B18C2866389200075464 /* coreData */ = {
			isa = PBXGroup;
			children = (
				BDA6B18D2866389200075464 /* AppDelegate.swift */,
				BDA6B18F2866389200075464 /* SceneDelegate.swift */,
				BDA6B1912866389200075464 /* ViewController.swift */,
				BDA6B1932866389200075464 /* Main.storyboard */,
				BDA6B1992866389300075464 /* Assets.xcassets */,
				BDA6B19B2866389300075464 /* LaunchScreen.storyboard */,
				BDA6B19E2866389300075464 /* Info.plist */,
				BDA6B1962866389200075464 /* coreData.xcdatamodeld */,
			);
			path = coreData;
			sourceTree = "<group>";
		};
		BDA6B1A62866389300075464 /* coreDataTests */ = {
			isa = PBXGroup;
			children = (
				BDA6B1A72866389300075464 /* coreDataTests.swift */,
			);
			path = coreDataTests;
			sourceTree = "<group>";
		};
		BDA6B1B02866389300075464 /* coreDataUITests */ = {
			isa = PBXGroup;
			children = (
				BDA6B1B12866389300075464 /* coreDataUITests.swift */,
				BDA6B1B32866389300075464 /* coreDataUITestsLaunchTests.swift */,
			);
			path = coreDataUITests;
			sourceTree = "<group>";
		};
/* End PBXGroup section */

/* Begin PBXNativeTarget section */
		BDA6B1892866389200075464 /* coreData */ = {
			isa = PBXNativeTarget;
			buildConfigurationList = BDA6B1B72866389300075464 /* Build configuration list for PBXNativeTarget "coreData" */;
			buildPhases = (
				BDA6B1862866389200075464 /* Sources */,
				BDA6B1872866389200075464 /* Frameworks */,
				BDA6B1882866389200075464 /* Resources */,
			);
			buildRules = (
			);
			dependencies = (
			);
			name = coreData;
			productName = coreData;
			productReference = BDA6B18A2866389200075464 /* coreData.app */;
			productType = "com.apple.product-type.application";
		};
		BDA6B1A22866389300075464 /* coreDataTests */ = {
			isa = PBXNativeTarget;
			buildConfigurationList = BDA6B1BA2866389300075464 /* Build configuration list for PBXNativeTarget "coreDataTests" */;
			buildPhases = (
				BDA6B19F2866389300075464 /* Sources */,
				BDA6B1A02866389300075464 /* Frameworks */,
				BDA6B1A12866389300075464 /* Resources */,
			);
			buildRules = (
			);
			dependencies = (
				BDA6B1A52866389300075464 /* PBXTargetDependency */,
			);
			name = coreDataTests;
			productName = coreDataTests;
			productReference = BDA6B1A32866389300075464 /* coreDataTests.xctest */;
			productType = "com.apple.product-type.bundle.unit-test";
		};
		BDA6B1AC2866389300075464 /* coreDataUITests */ = {
			isa = PBXNativeTarget;
			buildConfigurationList = BDA6B1BD2866389300075464 /* Build configuration list for PBXNativeTarget "coreDataUITests" */;
			buildPhases = (
				BDA6B1A92866389300075464 /* Sources */,
				BDA6B1AA2866389300075464 /* Frameworks */,
				BDA6B1AB2866389300075464 /* Resources */,
			);
			buildRules = (
			);
			dependencies = (
				BDA6B1AF2866389300075464 /* PBXTargetDependency */,
			);
			name = coreDataUITests;
			productName = coreDataUITests;
			productReference = BDA6B1AD2866389300075464 /* coreDataUITests.xctest */;
			productType = "com.apple.product-type.bundle.ui-testing";
		};
/* End PBXNativeTarget section */

/* Begin PBXProject section */
		BDA6B1822866389100075464 /* Project object */ = {
			isa = PBXProject;
			attributes = {
				BuildIndependentTargetsInParallel = 1;
				LastSwiftUpdateCheck = 1340;
				LastUpgradeCheck = 1340;
				TargetAttributes = {
					BDA6B1892866389200075464 = {
						CreatedOnToolsVersion = 13.4.1;
					};
					BDA6B1A22866389300075464 = {
						CreatedOnToolsVersion = 13.4.1;
						TestTargetID = BDA6B1892866389200075464;
					};
					BDA6B1AC2866389300075464 = {
						CreatedOnToolsVersion = 13.4.1;
						TestTargetID = BDA6B1892866389200075464;
					};
				};
			};
			buildConfigurationList = BDA6B1852866389100075464 /* Build configuration list for PBXProject "coreData" */;
			compatibilityVersion = "Xcode 13.0";
			developmentRegion = en;
			hasScannedForEncodings = 0;
			knownRegions = (
				en,
				Base,
			);
			mainGroup = BDA6B1812866389100075464;
			productRefGroup = BDA6B18B2866389200075464 /* Products */;
			projectDirPath = "";
			projectRoot = "";
			targets = (
				BDA6B1892866389200075464 /* coreData */,
				BDA6B1A22866389300075464 /* coreDataTests */,
				BDA6B1AC2866389300075464 /* coreDataUITests */,
			);
		};
/* End PBXProject section */

/* Begin PBXResourcesBuildPhase section */
		BDA6B1882866389200075464 /* Resources */ = {
			isa = PBXResourcesBuildPhase;
			buildActionMask = 2147483647;
			files = (
				BDA6B19D2866389300075464 /* LaunchScreen.storyboard in Resources */,
				BDA6B19A2866389300075464 /* Assets.xcassets in Resources */,
				BDA6B1952866389200075464 /* Main.storyboard in Resources */,
			);
			runOnlyForDeploymentPostprocessing = 0;
		};
		BDA6B1A12866389300075464 /* Resources */ = {
			isa = PBXResourcesBuildPhase;
			buildActionMask = 2147483647;
			files = (
			);
			runOnlyForDeploymentPostprocessing = 0;
		};
		BDA6B1AB2866389300075464 /* Resources */ = {
			isa = PBXResourcesBuildPhase;
			buildActionMask = 2147483647;
			files = (
			);
			runOnlyForDeploymentPostprocessing = 0;
		};
/* End PBXResourcesBuildPhase section */

/* Begin PBXSourcesBuildPhase section */
		BDA6B1862866389200075464 /* Sources */ = {
			isa = PBXSourcesBuildPhase;
			buildActionMask = 2147483647;
			files = (
				BDA6B1982866389200075464 /* coreData.xcdatamodeld in Sources */,
				BDA6B1922866389200075464 /* ViewController.swift in Sources */,
				BDA6B18E2866389200075464 /* AppDelegate.swift in Sources */,
				BDA6B1902866389200075464 /* SceneDelegate.swift in Sources */,
			);
			runOnlyForDeploymentPostprocessing = 0;
		};
		BDA6B19F2866389300075464 /* Sources */ = {
			isa = PBXSourcesBuildPhase;
			buildActionMask = 2147483647;
			files = (
				BDA6B1A82866389300075464 /* coreDataTests.swift in Sources */,
			);
			runOnlyForDeploymentPostprocessing = 0;
		};
		BDA6B1A92866389300075464 /* Sources */ = {
			isa = PBXSourcesBuildPhase;
			buildActionMask = 2147483647;
			files = (
				BDA6B1B42866389300075464 /* coreDataUITestsLaunchTests.swift in Sources */,
				BDA6B1B22866389300075464 /* coreDataUITests.swift in Sources */,
			);
			runOnlyForDeploymentPostprocessing = 0;
		};
/* End PBXSourcesBuildPhase section */

/* Begin PBXTargetDependency section */
		BDA6B1A52866389300075464 /* PBXTargetDependency */ = {
			isa = PBXTargetDependency;
			target = BDA6B1892866389200075464 /* coreData */;
			targetProxy = BDA6B1A42866389300075464 /* PBXContainerItemProxy */;
		};
		BDA6B1AF2866389300075464 /* PBXTargetDependency */ = {
			isa = PBXTargetDependency;
			target = BDA6B1892866389200075464 /* coreData */;
			targetProxy = BDA6B1AE2866389300075464 /* PBXContainerItemProxy */;
		};
/* End PBXTargetDependency section */

/* Begin PBXVariantGroup section */
		BDA6B1932866389200075464 /* Main.storyboard */ = {
			isa = PBXVariantGroup;
			children = (
				BDA6B1942866389200075464 /* Base */,
			);
			name = Main.storyboard;
			sourceTree = "<group>";
		};
		BDA6B19B2866389300075464 /* LaunchScreen.storyboard */ = {
			isa = PBXVariantGroup;
			children = (
				BDA6B19C2866389300075464 /* Base */,
			);
			name = LaunchScreen.storyboard;
			sourceTree = "<group>";
		};
/* End PBXVariantGroup section */

/* Begin XCBuildConfiguration section */
		BDA6B1B52866389300075464 /* Debug */ = {
			isa = XCBuildConfiguration;
			buildSettings = {
				ALWAYS_SEARCH_USER_PATHS = NO;
				CLANG_ANALYZER_NONNULL = YES;
				CLANG_ANALYZER_NUMBER_OBJECT_CONVERSION = YES_AGGRESSIVE;
				CLANG_CXX_LANGUAGE_STANDARD = "gnu++17";
				CLANG_ENABLE_MODULES = YES;
				CLANG_ENABLE_OBJC_ARC = YES;
				CLANG_ENABLE_OBJC_WEAK = YES;
				CLANG_WARN_BLOCK_CAPTURE_AUTORELEASING = YES;
				CLANG_WARN_BOOL_CONVERSION = YES;
				CLANG_WARN_COMMA = YES;
				CLANG_WARN_CONSTANT_CONVERSION = YES;
				CLANG_WARN_DEPRECATED_OBJC_IMPLEMENTATIONS = YES;
				CLANG_WARN_DIRECT_OBJC_ISA_USAGE = YES_ERROR;
				CLANG_WARN_DOCUMENTATION_COMMENTS = YES;
				CLANG_WARN_EMPTY_BODY = YES;
				CLANG_WARN_ENUM_CONVERSION = YES;
				CLANG_WARN_INFINITE_RECURSION = YES;
				CLANG_WARN_INT_CONVERSION = YES;
				CLANG_WARN_NON_LITERAL_NULL_CONVERSION = YES;
				CLANG_WARN_OBJC_IMPLICIT_RETAIN_SELF = YES;
				CLANG_WARN_OBJC_LITERAL_CONVERSION = YES;
				CLANG_WARN_OBJC_ROOT_CLASS = YES_ERROR;
				CLANG_WARN_QUOTED_INCLUDE_IN_FRAMEWORK_HEADER = YES;
				CLANG_WARN_RANGE_LOOP_ANALYSIS = YES;
				CLANG_WARN_STRICT_PROTOTYPES = YES;
				CLANG_WARN_SUSPICIOUS_MOVE = YES;
				CLANG_WARN_UNGUARDED_AVAILABILITY = YES_AGGRESSIVE;
				CLANG_WARN_UNREACHABLE_CODE = YES;
				CLANG_WARN__DUPLICATE_METHOD_MATCH = YES;
				COPY_PHASE_STRIP = NO;
				DEBUG_INFORMATION_FORMAT = dwarf;
				ENABLE_STRICT_OBJC_MSGSEND = YES;
				ENABLE_TESTABILITY = YES;
				GCC_C_LANGUAGE_STANDARD = gnu11;
				GCC_DYNAMIC_NO_PIC = NO;
				GCC_NO_COMMON_BLOCKS = YES;
				GCC_OPTIMIZATION_LEVEL = 0;
				GCC_PREPROCESSOR_DEFINITIONS = (
					"DEBUG=1",
					"$(inherited)",
				);
				GCC_WARN_64_TO_32_BIT_CONVERSION = YES;
				GCC_WARN_ABOUT_RETURN_TYPE = YES_ERROR;
				GCC_WARN_UNDECLARED_SELECTOR = YES;
				GCC_WARN_UNINITIALIZED_AUTOS = YES_AGGRESSIVE;
				GCC_WARN_UNUSED_FUNCTION = YES;
				GCC_WARN_UNUSED_VARIABLE = YES;
				IPHONEOS_DEPLOYMENT_TARGET = 15.5;
				MTL_ENABLE_DEBUG_INFO = INCLUDE_SOURCE;
				MTL_FAST_MATH = YES;
				ONLY_ACTIVE_ARCH = YES;
				SDKROOT = iphoneos;
				SWIFT_ACTIVE_COMPILATION_CONDITIONS = DEBUG;
				SWIFT_OPTIMIZATION_LEVEL = "-Onone";
			};
			name = Debug;
		};
		BDA6B1B62866389300075464 /* Release */ = {
			isa = XCBuildConfiguration;
			buildSettings = {
				ALWAYS_SEARCH_USER_PATHS = NO;
				CLANG_ANALYZER_NONNULL = YES;
				CLANG_ANALYZER_NUMBER_OBJECT_CONVERSION = YES_AGGRESSIVE;
				CLANG_CXX_LANGUAGE_STANDARD = "gnu++17";
				CLANG_ENABLE_MODULES = YES;
				CLANG_ENABLE_OBJC_ARC = YES;
				CLANG_ENABLE_OBJC_WEAK = YES;
				CLANG_WARN_BLOCK_CAPTURE_AUTORELEASING = YES;
				CLANG_WARN_BOOL_CONVERSION = YES;
				CLANG_WARN_COMMA = YES;
				CLANG_WARN_CONSTANT_CONVERSION = YES;
				CLANG_WARN_DEPRECATED_OBJC_IMPLEMENTATIONS = YES;
				CLANG_WARN_DIRECT_OBJC_ISA_USAGE = YES_ERROR;
				CLANG_WARN_DOCUMENTATION_COMMENTS = YES;
				CLANG_WARN_EMPTY_BODY = YES;
				CLANG_WARN_ENUM_CONVERSION = YES;
				CLANG_WARN_INFINITE_RECURSION = YES;
				CLANG_WARN_INT_CONVERSION = YES;
				CLANG_WARN_NON_LITERAL_NULL_CONVERSION = YES;
				CLANG_WARN_OBJC_IMPLICIT_RETAIN_SELF = YES;
				CLANG_WARN_OBJC_LITERAL_CONVERSION = YES;
				CLANG_WARN_OBJC_ROOT_CLASS = YES_ERROR;
				CLANG_WARN_QUOTED_INCLUDE_IN_FRAMEWORK_HEADER = YES;
				CLANG_WARN_RANGE_LOOP_ANALYSIS = YES;
				CLANG_WARN_STRICT_PROTOTYPES = YES;
				CLANG_WARN_SUSPICIOUS_MOVE = YES;
				CLANG_WARN_UNGUARDED_AVAILABILITY = YES_AGGRESSIVE;
				CLANG_WARN_UNREACHABLE_CODE = YES;
				CLANG_WARN__DUPLICATE_METHOD_MATCH = YES;
				COPY_PHASE_STRIP = NO;
				DEBUG_INFORMATION_FORMAT = "dwarf-with-dsym";
				ENABLE_NS_ASSERTIONS = NO;
				ENABLE_STRICT_OBJC_MSGSEND = YES;
				GCC_C_LANGUAGE_STANDARD = gnu11;
				GCC_NO_COMMON_BLOCKS = YES;
				GCC_WARN_64_TO_32_BIT_CONVERSION = YES;
				GCC_WARN_ABOUT_RETURN_TYPE = YES_ERROR;
				GCC_WARN_UNDECLARED_SELECTOR = YES;
				GCC_WARN_UNINITIALIZED_AUTOS = YES_AGGRESSIVE;
				GCC_WARN_UNUSED_FUNCTION = YES;
				GCC_WARN_UNUSED_VARIABLE = YES;
				IPHONEOS_DEPLOYMENT_TARGET = 15.5;
				MTL_ENABLE_DEBUG_INFO = NO;
				MTL_FAST_MATH = YES;
				SDKROOT = iphoneos;
				SWIFT_COMPILATION_MODE = wholemodule;
				SWIFT_OPTIMIZATION_LEVEL = "-O";
				VALIDATE_PRODUCT = YES;
			};
			name = Release;
		};
		BDA6B1B82866389300075464 /* Debug */ = {
			isa = XCBuildConfiguration;
			buildSettings = {
				ASSETCATALOG_COMPILER_APPICON_NAME = AppIcon;
				ASSETCATALOG_COMPILER_GLOBAL_ACCENT_COLOR_NAME = AccentColor;
				CODE_SIGN_STYLE = Automatic;
				CURRENT_PROJECT_VERSION = 1;
				GENERATE_INFOPLIST_FILE = YES;
				INFOPLIST_FILE = coreData/Info.plist;
				INFOPLIST_KEY_UIApplicationSupportsIndirectInputEvents = YES;
				INFOPLIST_KEY_UILaunchStoryboardName = LaunchScreen;
				INFOPLIST_KEY_UIMainStoryboardFile = Main;
				INFOPLIST_KEY_UISupportedInterfaceOrientations_iPad = "UIInterfaceOrientationPortrait UIInterfaceOrientationPortraitUpsideDown UIInterfaceOrientationLandscapeLeft UIInterfaceOrientationLandscapeRight";
				INFOPLIST_KEY_UISupportedInterfaceOrientations_iPhone = "UIInterfaceOrientationPortrait UIInterfaceOrientationLandscapeLeft UIInterfaceOrientationLandscapeRight";
				LD_RUNPATH_SEARCH_PATHS = (
					"$(inherited)",
					"@executable_path/Frameworks",
				);
				MARKETING_VERSION = 1.0;
				PRODUCT_BUNDLE_IDENTIFIER = kwk.coreData;
				PRODUCT_NAME = "$(TARGET_NAME)";
				SWIFT_EMIT_LOC_STRINGS = YES;
				SWIFT_VERSION = 5.0;
				TARGETED_DEVICE_FAMILY = "1,2";
			};
			name = Debug;
		};
		BDA6B1B92866389300075464 /* Release */ = {
			isa = XCBuildConfiguration;
			buildSettings = {
				ASSETCATALOG_COMPILER_APPICON_NAME = AppIcon;
				ASSETCATALOG_COMPILER_GLOBAL_ACCENT_COLOR_NAME = AccentColor;
				CODE_SIGN_STYLE = Automatic;
				CURRENT_PROJECT_VERSION = 1;
				GENERATE_INFOPLIST_FILE = YES;
				INFOPLIST_FILE = coreData/Info.plist;
				INFOPLIST_KEY_UIApplicationSupportsIndirectInputEvents = YES;
				INFOPLIST_KEY_UILaunchStoryboardName = LaunchScreen;
				INFOPLIST_KEY_UIMainStoryboardFile = Main;
				INFOPLIST_KEY_UISupportedInterfaceOrientations_iPad = "UIInterfaceOrientationPortrait UIInterfaceOrientationPortraitUpsideDown UIInterfaceOrientationLandscapeLeft UIInterfaceOrientationLandscapeRight";
				INFOPLIST_KEY_UISupportedInterfaceOrientations_iPhone = "UIInterfaceOrientationPortrait UIInterfaceOrientationLandscapeLeft UIInterfaceOrientationLandscapeRight";
				LD_RUNPATH_SEARCH_PATHS = (
					"$(inherited)",
					"@executable_path/Frameworks",
				);
				MARKETING_VERSION = 1.0;
				PRODUCT_BUNDLE_IDENTIFIER = kwk.coreData;
				PRODUCT_NAME = "$(TARGET_NAME)";
				SWIFT_EMIT_LOC_STRINGS = YES;
				SWIFT_VERSION = 5.0;
				TARGETED_DEVICE_FAMILY = "1,2";
			};
			name = Release;
		};
		BDA6B1BB2866389300075464 /* Debug */ = {
			isa = XCBuildConfiguration;
			buildSettings = {
				ALWAYS_EMBED_SWIFT_STANDARD_LIBRARIES = YES;
				BUNDLE_LOADER = "$(TEST_HOST)";
				CODE_SIGN_STYLE = Automatic;
				CURRENT_PROJECT_VERSION = 1;
				GENERATE_INFOPLIST_FILE = YES;
				IPHONEOS_DEPLOYMENT_TARGET = 15.5;
				MARKETING_VERSION = 1.0;
				PRODUCT_BUNDLE_IDENTIFIER = kwk.coreDataTests;
				PRODUCT_NAME = "$(TARGET_NAME)";
				SWIFT_EMIT_LOC_STRINGS = NO;
				SWIFT_VERSION = 5.0;
				TARGETED_DEVICE_FAMILY = "1,2";
				TEST_HOST = "$(BUILT_PRODUCTS_DIR)/coreData.app/coreData";
			};
			name = Debug;
		};
		BDA6B1BC2866389300075464 /* Release */ = {
			isa = XCBuildConfiguration;
			buildSettings = {
				ALWAYS_EMBED_SWIFT_STANDARD_LIBRARIES = YES;
				BUNDLE_LOADER = "$(TEST_HOST)";
				CODE_SIGN_STYLE = Automatic;
				CURRENT_PROJECT_VERSION = 1;
				GENERATE_INFOPLIST_FILE = YES;
				IPHONEOS_DEPLOYMENT_TARGET = 15.5;
				MARKETING_VERSION = 1.0;
				PRODUCT_BUNDLE_IDENTIFIER = kwk.coreDataTests;
				PRODUCT_NAME = "$(TARGET_NAME)";
				SWIFT_EMIT_LOC_STRINGS = NO;
				SWIFT_VERSION = 5.0;
				TARGETED_DEVICE_FAMILY = "1,2";
				TEST_HOST = "$(BUILT_PRODUCTS_DIR)/coreData.app/coreData";
			};
			name = Release;
		};
		BDA6B1BE2866389300075464 /* Debug */ = {
			isa = XCBuildConfiguration;
			buildSettings = {
				ALWAYS_EMBED_SWIFT_STANDARD_LIBRARIES = YES;
				CODE_SIGN_STYLE = Automatic;
				CURRENT_PROJECT_VERSION = 1;
				GENERATE_INFOPLIST_FILE = YES;
				MARKETING_VERSION = 1.0;
				PRODUCT_BUNDLE_IDENTIFIER = kwk.coreDataUITests;
				PRODUCT_NAME = "$(TARGET_NAME)";
				SWIFT_EMIT_LOC_STRINGS = NO;
				SWIFT_VERSION = 5.0;
				TARGETED_DEVICE_FAMILY = "1,2";
				TEST_TARGET_NAME = coreData;
			};
			name = Debug;
		};
		BDA6B1BF2866389300075464 /* Release */ = {
			isa = XCBuildConfiguration;
			buildSettings = {
				ALWAYS_EMBED_SWIFT_STANDARD_LIBRARIES = YES;
				CODE_SIGN_STYLE = Automatic;
				CURRENT_PROJECT_VERSION = 1;
				GENERATE_INFOPLIST_FILE = YES;
				MARKETING_VERSION = 1.0;
				PRODUCT_BUNDLE_IDENTIFIER = kwk.coreDataUITests;
				PRODUCT_NAME = "$(TARGET_NAME)";
				SWIFT_EMIT_LOC_STRINGS = NO;
				SWIFT_VERSION = 5.0;
				TARGETED_DEVICE_FAMILY = "1,2";
				TEST_TARGET_NAME = coreData;
			};
			name = Release;
		};
/* End XCBuildConfiguration section */

/* Begin XCConfigurationList section */
		BDA6B1852866389100075464 /* Build configuration list for PBXProject "coreData" */ = {
			isa = XCConfigurationList;
			buildConfigurations = (
				BDA6B1B52866389300075464 /* Debug */,
				BDA6B1B62866389300075464 /* Release */,
			);
			defaultConfigurationIsVisible = 0;
			defaultConfigurationName = Release;
		};
		BDA6B1B72866389300075464 /* Build configuration list for PBXNativeTarget "coreData" */ = {
			isa = XCConfigurationList;
			buildConfigurations = (
				BDA6B1B82866389300075464 /* Debug */,
				BDA6B1B92866389300075464 /* Release */,
			);
			defaultConfigurationIsVisible = 0;
			defaultConfigurationName = Release;
		};
		BDA6B1BA2866389300075464 /* Build configuration list for PBXNativeTarget "coreDataTests" */ = {
			isa = XCConfigurationList;
			buildConfigurations = (
				BDA6B1BB2866389300075464 /* Debug */,
				BDA6B1BC2866389300075464 /* Release */,
			);
			defaultConfigurationIsVisible = 0;
			defaultConfigurationName = Release;
		};
		BDA6B1BD2866389300075464 /* Build configuration list for PBXNativeTarget "coreDataUITests" */ = {
			isa = XCConfigurationList;
			buildConfigurations = (
				BDA6B1BE2866389300075464 /* Debug */,
				BDA6B1BF2866389300075464 /* Release */,
			);
			defaultConfigurationIsVisible = 0;
			defaultConfigurationName = Release;
		};
/* End XCConfigurationList section */

/* Begin XCVersionGroup section */
		BDA6B1962866389200075464 /* coreData.xcdatamodeld */ = {
			isa = XCVersionGroup;
			children = (
				BDA6B1972866389200075464 /* coreData.xcdatamodel */,
			);
			currentVersion = BDA6B1972866389200075464 /* coreData.xcdatamodel */;
			path = coreData.xcdatamodeld;
			sourceTree = "<group>";
			versionGroupType = wrapper.xcdatamodel;
		};
/* End XCVersionGroup section */
	};
	rootObject = BDA6B1822866389100075464 /* Project object */;
}
